
Microsoft Visual Studio Solution File, Format Version 12.00
# Visual Studio Version 17
VisualStudioVersion = 17.5.002.0
MinimumVisualStudioVersion = 10.0.40219.1
Project("{2150E333-8FDC-42A3-9474-1A3956D46DE8}") = "ImplementAzureFunctions", "ImplementAzureFunctions", "{22921C61-7E28-419A-81F7-F754C9D4C7A8}"
EndProject
Project("{9A19103F-16F7-4668-BE54-9A1E7A4F7556}") = "AzureFunctionApplication", "ImplementAzureFunctions\AzureFunctionApplication\AzureFunctionApplication.csproj", "{D5AF204D-0330-4FBC-B382-CC3E0C941EF4}"
EndProject
Global
	GlobalSection(SolutionConfigurationPlatforms) = preSolution
		Debug|Any CPU = Debug|Any CPU
		Release|Any CPU = Release|Any CPU
	EndGlobalSection
	GlobalSection(ProjectConfigurationPlatforms) = postSolution
		{D5AF204D-0330-4FBC-B382-CC3E0C941EF4}.Debug|Any CPU.ActiveCfg = Debug|Any CPU
		{D5AF204D-0330-4FBC-B382-CC3E0C941EF4}.Debug|Any CPU.Build.0 = Debug|Any CPU
		{D5AF204D-0330-4FBC-B382-CC3E0C941EF4}.Release|Any CPU.ActiveCfg = Release|Any CPU
		{D5AF204D-0330-4FBC-B382-CC3E0C941EF4}.Release|Any CPU.Build.0 = Release|Any CPU
	EndGlobalSection
	GlobalSection(SolutionProperties) = preSolution
		HideSolutionNode = FALSE
	EndGlobalSection
	GlobalSection(NestedProjects) = preSolution
		{D5AF204D-0330-4FBC-B382-CC3E0C941EF4} = {22921C61-7E28-419A-81F7-F754C9D4C7A8}
	EndGlobalSection
	GlobalSection(ExtensibilityGlobals) = postSolution
		SolutionGuid = {6D74B044-EBC7-4163-AAE1-EEE7E25EA7E1}
	EndGlobalSection
EndGlobal
